
Microsoft Visual Studio Solution File, Format Version 12.00
# Visual Studio Version 17
VisualStudioVersion = 17.7.34031.279
MinimumVisualStudioVersion = 10.0.40219.1
Project("{9A19103F-16F7-4668-BE54-9A1E7A4F7556}") = "EmployeeListApp", "EmployeeListApp\EmployeeListApp.csproj", "{563DF6EC-9AFF-4124-881D-84F01FA884CF}"
EndProject
Global
	GlobalSection(SolutionConfigurationPlatforms) = preSolution
		Debug|Any CPU = Debug|Any CPU
		Release|Any CPU = Release|Any CPU
	EndGlobalSection
	GlobalSection(ProjectConfigurationPlatforms) = postSolution
		{563DF6EC-9AFF-4124-881D-84F01FA884CF}.Debug|Any CPU.ActiveCfg = Debug|Any CPU
		{563DF6EC-9AFF-4124-881D-84F01FA884CF}.Debug|Any CPU.Build.0 = Debug|Any CPU
		{563DF6EC-9AFF-4124-881D-84F01FA884CF}.Release|Any CPU.ActiveCfg = Release|Any CPU
		{563DF6EC-9AFF-4124-881D-84F01FA884CF}.Release|Any CPU.Build.0 = Release|Any CPU
	EndGlobalSection
	GlobalSection(SolutionProperties) = preSolution
		HideSolutionNode = FALSE
	EndGlobalSection
	GlobalSection(ExtensibilityGlobals) = postSolution
		SolutionGuid = {5D24C00C-6F41-4BA6-A9F1-F02DDF5584AD}
	EndGlobalSection
EndGlobal
